
Microsoft Visual Studio Solution File, Format Version 12.00
Project("{FAE04EC0-301F-11D3-BF4B-00C04F79EFBC}") = "CakeBuild", "DamageLogHider\CakeBuild\CakeBuild.csproj", "{77A9E0B3-72BD-4B42-8557-EC4454705A72}"
EndProject
Project("{FAE04EC0-301F-11D3-BF4B-00C04F79EFBC}") = "DamageLogHider", "DamageLogHider\DamageLogHider\DamageLogHider.csproj", "{719A7846-DCC7-4A8A-847A-CAAB9B491C22}"
EndProject
Global
	GlobalSection(SolutionConfigurationPlatforms) = preSolution
		Debug|Any CPU = Debug|Any CPU
		Release|Any CPU = Release|Any CPU
	EndGlobalSection
	GlobalSection(ProjectConfigurationPlatforms) = postSolution
		{77A9E0B3-72BD-4B42-8557-EC4454705A72}.Debug|Any CPU.ActiveCfg = Debug|Any CPU
		{77A9E0B3-72BD-4B42-8557-EC4454705A72}.Debug|Any CPU.Build.0 = Debug|Any CPU
		{77A9E0B3-72BD-4B42-8557-EC4454705A72}.Release|Any CPU.ActiveCfg = Release|Any CPU
		{77A9E0B3-72BD-4B42-8557-EC4454705A72}.Release|Any CPU.Build.0 = Release|Any CPU
		{719A7846-DCC7-4A8A-847A-CAAB9B491C22}.Debug|Any CPU.ActiveCfg = Debug|Any CPU
		{719A7846-DCC7-4A8A-847A-CAAB9B491C22}.Debug|Any CPU.Build.0 = Debug|Any CPU
		{719A7846-DCC7-4A8A-847A-CAAB9B491C22}.Release|Any CPU.ActiveCfg = Release|Any CPU
		{719A7846-DCC7-4A8A-847A-CAAB9B491C22}.Release|Any CPU.Build.0 = Release|Any CPU
	EndGlobalSection
EndGlobal
